// !$*UTF8*$!
{
	archiveVersion = 1;
	classes = {
	};
	objectVersion = 56;
	objects = {

/* Begin PBXBuildFile section */
		8E296E5529E6EC2900F3A3CE /* AppDelegate.swift in Sources */ = {isa = PBXBuildFile; fileRef = 8E296E5429E6EC2900F3A3CE /* AppDelegate.swift */; };
		8E296E5729E6EC2900F3A3CE /* SceneDelegate.swift in Sources */ = {isa = PBXBuildFile; fileRef = 8E296E5629E6EC2900F3A3CE /* SceneDelegate.swift */; };
		8E296E5929E6EC2900F3A3CE /* MainViewController.swift in Sources */ = {isa = PBXBuildFile; fileRef = 8E296E5829E6EC2900F3A3CE /* MainViewController.swift */; };
		8E296E5C29E6EC2900F3A3CE /* Main.storyboard in Resources */ = {isa = PBXBuildFile; fileRef = 8E296E5A29E6EC2900F3A3CE /* Main.storyboard */; };
		8E296E5E29E6EC2A00F3A3CE /* Assets.xcassets in Resources */ = {isa = PBXBuildFile; fileRef = 8E296E5D29E6EC2A00F3A3CE /* Assets.xcassets */; };
		8E296E6129E6EC2A00F3A3CE /* LaunchScreen.storyboard in Resources */ = {isa = PBXBuildFile; fileRef = 8E296E5F29E6EC2A00F3A3CE /* LaunchScreen.storyboard */; };
		8E296E6C29E6EE6000F3A3CE /* MainPresenter.swift in Sources */ = {isa = PBXBuildFile; fileRef = 8E296E6B29E6EE6000F3A3CE /* MainPresenter.swift */; };
		8E296E6E29E6EE6B00F3A3CE /* MainInteractor.swift in Sources */ = {isa = PBXBuildFile; fileRef = 8E296E6D29E6EE6B00F3A3CE /* MainInteractor.swift */; };
		8E296E7029E6EE7500F3A3CE /* MainConfigurator.swift in Sources */ = {isa = PBXBuildFile; fileRef = 8E296E6F29E6EE7500F3A3CE /* MainConfigurator.swift */; };
		8E296E7229E6EE7B00F3A3CE /* MainRouter.swift in Sources */ = {isa = PBXBuildFile; fileRef = 8E296E7129E6EE7B00F3A3CE /* MainRouter.swift */; };
		8E296E7529E7146300F3A3CE /* DetailViewController.swift in Sources */ = {isa = PBXBuildFile; fileRef = 8E296E7429E7146300F3A3CE /* DetailViewController.swift */; };
		8E296E7729E7146E00F3A3CE /* DetailPresenter.swift in Sources */ = {isa = PBXBuildFile; fileRef = 8E296E7629E7146E00F3A3CE /* DetailPresenter.swift */; };
		8E296E7929E7147700F3A3CE /* DetailInteractor.swift in Sources */ = {isa = PBXBuildFile; fileRef = 8E296E7829E7147700F3A3CE /* DetailInteractor.swift */; };
		8E296E7B29E7148300F3A3CE /* DetailConfigurator.swift in Sources */ = {isa = PBXBuildFile; fileRef = 8E296E7A29E7148300F3A3CE /* DetailConfigurator.swift */; };
		8E296E7E29E71E6400F3A3CE /* MovieManager.swift in Sources */ = {isa = PBXBuildFile; fileRef = 8E296E7D29E71E6400F3A3CE /* MovieManager.swift */; };
		8E296E8029E71E8200F3A3CE /* UserDefManager.swift in Sources */ = {isa = PBXBuildFile; fileRef = 8E296E7F29E71E8200F3A3CE /* UserDefManager.swift */; };
		8E296E8229E71EE500F3A3CE /* ImageManager.swift in Sources */ = {isa = PBXBuildFile; fileRef = 8E296E8129E71EE500F3A3CE /* ImageManager.swift */; };
		8E54734629E730780023C680 /* DetailEntity.swift in Sources */ = {isa = PBXBuildFile; fileRef = 8E54734529E730780023C680 /* DetailEntity.swift */; };
		8E54734929E7DC9C0023C680 /* TableViewCell.swift in Sources */ = {isa = PBXBuildFile; fileRef = 8E54734829E7DC9C0023C680 /* TableViewCell.swift */; };
/* End PBXBuildFile section */

/* Begin PBXFileReference section */
		8E296E5129E6EC2900F3A3CE /* MovieViper.app */ = {isa = PBXFileReference; explicitFileType = wrapper.application; includeInIndex = 0; path = MovieViper.app; sourceTree = BUILT_PRODUCTS_DIR; };
		8E296E5429E6EC2900F3A3CE /* AppDelegate.swift */ = {isa = PBXFileReference; lastKnownFileType = sourcecode.swift; path = AppDelegate.swift; sourceTree = "<group>"; };
		8E296E5629E6EC2900F3A3CE /* SceneDelegate.swift */ = {isa = PBXFileReference; lastKnownFileType = sourcecode.swift; path = SceneDelegate.swift; sourceTree = "<group>"; };
		8E296E5829E6EC2900F3A3CE /* MainViewController.swift */ = {isa = PBXFileReference; lastKnownFileType = sourcecode.swift; path = MainViewController.swift; sourceTree = "<group>"; };
		8E296E5B29E6EC2900F3A3CE /* Base */ = {isa = PBXFileReference; lastKnownFileType = file.storyboard; name = Base; path = Base.lproj/Main.storyboard; sourceTree = "<group>"; };
		8E296E5D29E6EC2A00F3A3CE /* Assets.xcassets */ = {isa = PBXFileReference; lastKnownFileType = folder.assetcatalog; path = Assets.xcassets; sourceTree = "<group>"; };
		8E296E6029E6EC2A00F3A3CE /* Base */ = {isa = PBXFileReference; lastKnownFileType = file.storyboard; name = Base; path = Base.lproj/LaunchScreen.storyboard; sourceTree = "<group>"; };
		8E296E6229E6EC2A00F3A3CE /* Info.plist */ = {isa = PBXFileReference; lastKnownFileType = text.plist.xml; path = Info.plist; sourceTree = "<group>"; };
		8E296E6B29E6EE6000F3A3CE /* MainPresenter.swift */ = {isa = PBXFileReference; lastKnownFileType = sourcecode.swift; path = MainPresenter.swift; sourceTree = "<group>"; };
		8E296E6D29E6EE6B00F3A3CE /* MainInteractor.swift */ = {isa = PBXFileReference; lastKnownFileType = sourcecode.swift; path = MainInteractor.swift; sourceTree = "<group>"; };
		8E296E6F29E6EE7500F3A3CE /* MainConfigurator.swift */ = {isa = PBXFileReference; lastKnownFileType = sourcecode.swift; path = MainConfigurator.swift; sourceTree = "<group>"; };
		8E296E7129E6EE7B00F3A3CE /* MainRouter.swift */ = {isa = PBXFileReference; lastKnownFileType = sourcecode.swift; path = MainRouter.swift; sourceTree = "<group>"; };
		8E296E7429E7146300F3A3CE /* DetailViewController.swift */ = {isa = PBXFileReference; lastKnownFileType = sourcecode.swift; path = DetailViewController.swift; sourceTree = "<group>"; };
		8E296E7629E7146E00F3A3CE /* DetailPresenter.swift */ = {isa = PBXFileReference; lastKnownFileType = sourcecode.swift; path = DetailPresenter.swift; sourceTree = "<group>"; };
		8E296E7829E7147700F3A3CE /* DetailInteractor.swift */ = {isa = PBXFileReference; lastKnownFileType = sourcecode.swift; path = DetailInteractor.swift; sourceTree = "<group>"; };
		8E296E7A29E7148300F3A3CE /* DetailConfigurator.swift */ = {isa = PBXFileReference; lastKnownFileType = sourcecode.swift; path = DetailConfigurator.swift; sourceTree = "<group>"; };
		8E296E7D29E71E6400F3A3CE /* MovieManager.swift */ = {isa = PBXFileReference; lastKnownFileType = sourcecode.swift; path = MovieManager.swift; sourceTree = "<group>"; };
		8E296E7F29E71E8200F3A3CE /* UserDefManager.swift */ = {isa = PBXFileReference; lastKnownFileType = sourcecode.swift; path = UserDefManager.swift; sourceTree = "<group>"; };
		8E296E8129E71EE500F3A3CE /* ImageManager.swift */ = {isa = PBXFileReference; lastKnownFileType = sourcecode.swift; path = ImageManager.swift; sourceTree = "<group>"; };
		8E54734529E730780023C680 /* DetailEntity.swift */ = {isa = PBXFileReference; lastKnownFileType = sourcecode.swift; path = DetailEntity.swift; sourceTree = "<group>"; };
		8E54734829E7DC9C0023C680 /* TableViewCell.swift */ = {isa = PBXFileReference; lastKnownFileType = sourcecode.swift; path = TableViewCell.swift; sourceTree = "<group>"; };
/* End PBXFileReference section */

/* Begin PBXFrameworksBuildPhase section */
		8E296E4E29E6EC2900F3A3CE /* Frameworks */ = {
			isa = PBXFrameworksBuildPhase;
			buildActionMask = 2147483647;
			files = (
			);
			runOnlyForDeploymentPostprocessing = 0;
		};
/* End PBXFrameworksBuildPhase section */

/* Begin PBXGroup section */
		8E296E4829E6EC2900F3A3CE = {
			isa = PBXGroup;
			children = (
				8E296E5329E6EC2900F3A3CE /* MovieViper */,
				8E296E5229E6EC2900F3A3CE /* Products */,
			);
			sourceTree = "<group>";
		};
		8E296E5229E6EC2900F3A3CE /* Products */ = {
			isa = PBXGroup;
			children = (
				8E296E5129E6EC2900F3A3CE /* MovieViper.app */,
			);
			name = Products;
			sourceTree = "<group>";
		};
		8E296E5329E6EC2900F3A3CE /* MovieViper */ = {
			isa = PBXGroup;
			children = (
				8E54734729E7DC7E0023C680 /* Cell */,
				8E296E7C29E71E4000F3A3CE /* API */,
				8E296E7329E7144F00F3A3CE /* DetailMovie */,
				8E296E6A29E6EE0A00F3A3CE /* MainViewController */,
				8E296E6829E6EC5600F3A3CE /* Sups */,
			);
			path = MovieViper;
			sourceTree = "<group>";
		};
		8E296E6829E6EC5600F3A3CE /* Sups */ = {
			isa = PBXGroup;
			children = (
				8E296E6229E6EC2A00F3A3CE /* Info.plist */,
				8E296E5F29E6EC2A00F3A3CE /* LaunchScreen.storyboard */,
				8E296E5D29E6EC2A00F3A3CE /* Assets.xcassets */,
				8E296E5629E6EC2900F3A3CE /* SceneDelegate.swift */,
				8E296E5429E6EC2900F3A3CE /* AppDelegate.swift */,
			);
			path = Sups;
			sourceTree = "<group>";
		};
		8E296E6A29E6EE0A00F3A3CE /* MainViewController */ = {
			isa = PBXGroup;
			children = (
				8E296E5829E6EC2900F3A3CE /* MainViewController.swift */,
				8E296E6B29E6EE6000F3A3CE /* MainPresenter.swift */,
				8E296E6D29E6EE6B00F3A3CE /* MainInteractor.swift */,
				8E296E6F29E6EE7500F3A3CE /* MainConfigurator.swift */,
				8E296E7129E6EE7B00F3A3CE /* MainRouter.swift */,
				8E296E5A29E6EC2900F3A3CE /* Main.storyboard */,
			);
			path = MainViewController;
			sourceTree = "<group>";
		};
		8E296E7329E7144F00F3A3CE /* DetailMovie */ = {
			isa = PBXGroup;
			children = (
				8E296E7429E7146300F3A3CE /* DetailViewController.swift */,
				8E296E7629E7146E00F3A3CE /* DetailPresenter.swift */,
				8E296E7829E7147700F3A3CE /* DetailInteractor.swift */,
				8E296E7A29E7148300F3A3CE /* DetailConfigurator.swift */,
				8E54734529E730780023C680 /* DetailEntity.swift */,
			);
			path = DetailMovie;
			sourceTree = "<group>";
		};
		8E296E7C29E71E4000F3A3CE /* API */ = {
			isa = PBXGroup;
			children = (
				8E296E7D29E71E6400F3A3CE /* MovieManager.swift */,
				8E296E7F29E71E8200F3A3CE /* UserDefManager.swift */,
				8E296E8129E71EE500F3A3CE /* ImageManager.swift */,
			);
			path = API;
			sourceTree = "<group>";
		};
		8E54734729E7DC7E0023C680 /* Cell */ = {
			isa = PBXGroup;
			children = (
				8E54734829E7DC9C0023C680 /* TableViewCell.swift */,
			);
			path = Cell;
			sourceTree = "<group>";
		};
/* End PBXGroup section */

/* Begin PBXNativeTarget section */
		8E296E5029E6EC2900F3A3CE /* MovieViper */ = {
			isa = PBXNativeTarget;
			buildConfigurationList = 8E296E6529E6EC2A00F3A3CE /* Build configuration list for PBXNativeTarget "MovieViper" */;
			buildPhases = (
				8E296E4D29E6EC2900F3A3CE /* Sources */,
				8E296E4E29E6EC2900F3A3CE /* Frameworks */,
				8E296E4F29E6EC2900F3A3CE /* Resources */,
			);
			buildRules = (
			);
			dependencies = (
			);
			name = MovieViper;
			productName = MovieViper;
			productReference = 8E296E5129E6EC2900F3A3CE /* MovieViper.app */;
			productType = "com.apple.product-type.application";
		};
/* End PBXNativeTarget section */

/* Begin PBXProject section */
		8E296E4929E6EC2900F3A3CE /* Project object */ = {
			isa = PBXProject;
			attributes = {
				BuildIndependentTargetsInParallel = 1;
				LastSwiftUpdateCheck = 1420;
				LastUpgradeCheck = 1420;
				TargetAttributes = {
					8E296E5029E6EC2900F3A3CE = {
						CreatedOnToolsVersion = 14.2;
					};
				};
			};
			buildConfigurationList = 8E296E4C29E6EC2900F3A3CE /* Build configuration list for PBXProject "MovieViper" */;
			compatibilityVersion = "Xcode 14.0";
			developmentRegion = en;
			hasScannedForEncodings = 0;
			knownRegions = (
				en,
				Base,
			);
			mainGroup = 8E296E4829E6EC2900F3A3CE;
			productRefGroup = 8E296E5229E6EC2900F3A3CE /* Products */;
			projectDirPath = "";
			projectRoot = "";
			targets = (
				8E296E5029E6EC2900F3A3CE /* MovieViper */,
			);
		};
/* End PBXProject section */

/* Begin PBXResourcesBuildPhase section */
		8E296E4F29E6EC2900F3A3CE /* Resources */ = {
			isa = PBXResourcesBuildPhase;
			buildActionMask = 2147483647;
			files = (
				8E296E6129E6EC2A00F3A3CE /* LaunchScreen.storyboard in Resources */,
				8E296E5E29E6EC2A00F3A3CE /* Assets.xcassets in Resources */,
				8E296E5C29E6EC2900F3A3CE /* Main.storyboard in Resources */,
			);
			runOnlyForDeploymentPostprocessing = 0;
		};
/* End PBXResourcesBuildPhase section */

/* Begin PBXSourcesBuildPhase section */
		8E296E4D29E6EC2900F3A3CE /* Sources */ = {
			isa = PBXSourcesBuildPhase;
			buildActionMask = 2147483647;
			files = (
				8E296E5929E6EC2900F3A3CE /* MainViewController.swift in Sources */,
				8E54734929E7DC9C0023C680 /* TableViewCell.swift in Sources */,
				8E296E7929E7147700F3A3CE /* DetailInteractor.swift in Sources */,
				8E296E7B29E7148300F3A3CE /* DetailConfigurator.swift in Sources */,
				8E296E7229E6EE7B00F3A3CE /* MainRouter.swift in Sources */,
				8E54734629E730780023C680 /* DetailEntity.swift in Sources */,
				8E296E7E29E71E6400F3A3CE /* MovieManager.swift in Sources */,
				8E296E7729E7146E00F3A3CE /* DetailPresenter.swift in Sources */,
				8E296E8029E71E8200F3A3CE /* UserDefManager.swift in Sources */,
				8E296E5529E6EC2900F3A3CE /* AppDelegate.swift in Sources */,
				8E296E5729E6EC2900F3A3CE /* SceneDelegate.swift in Sources */,
				8E296E8229E71EE500F3A3CE /* ImageManager.swift in Sources */,
				8E296E6E29E6EE6B00F3A3CE /* MainInteractor.swift in Sources */,
				8E296E6C29E6EE6000F3A3CE /* MainPresenter.swift in Sources */,
				8E296E7029E6EE7500F3A3CE /* MainConfigurator.swift in Sources */,
				8E296E7529E7146300F3A3CE /* DetailViewController.swift in Sources */,
			);
			runOnlyForDeploymentPostprocessing = 0;
		};
/* End PBXSourcesBuildPhase section */

/* Begin PBXVariantGroup section */
		8E296E5A29E6EC2900F3A3CE /* Main.storyboard */ = {
			isa = PBXVariantGroup;
			children = (
				8E296E5B29E6EC2900F3A3CE /* Base */,
			);
			name = Main.storyboard;
			sourceTree = "<group>";
		};
		8E296E5F29E6EC2A00F3A3CE /* LaunchScreen.storyboard */ = {
			isa = PBXVariantGroup;
			children = (
				8E296E6029E6EC2A00F3A3CE /* Base */,
			);
			name = LaunchScreen.storyboard;
			sourceTree = "<group>";
		};
/* End PBXVariantGroup section */

/* Begin XCBuildConfiguration section */
		8E296E6329E6EC2A00F3A3CE /* Debug */ = {
			isa = XCBuildConfiguration;
			buildSettings = {
				ALWAYS_SEARCH_USER_PATHS = NO;
				CLANG_ANALYZER_NONNULL = YES;
				CLANG_ANALYZER_NUMBER_OBJECT_CONVERSION = YES_AGGRESSIVE;
				CLANG_CXX_LANGUAGE_STANDARD = "gnu++20";
				CLANG_ENABLE_MODULES = YES;
				CLANG_ENABLE_OBJC_ARC = YES;
				CLANG_ENABLE_OBJC_WEAK = YES;
				CLANG_WARN_BLOCK_CAPTURE_AUTORELEASING = YES;
				CLANG_WARN_BOOL_CONVERSION = YES;
				CLANG_WARN_COMMA = YES;
				CLANG_WARN_CONSTANT_CONVERSION = YES;
				CLANG_WARN_DEPRECATED_OBJC_IMPLEMENTATIONS = YES;
				CLANG_WARN_DIRECT_OBJC_ISA_USAGE = YES_ERROR;
				CLANG_WARN_DOCUMENTATION_COMMENTS = YES;
				CLANG_WARN_EMPTY_BODY = YES;
				CLANG_WARN_ENUM_CONVERSION = YES;
				CLANG_WARN_INFINITE_RECURSION = YES;
				CLANG_WARN_INT_CONVERSION = YES;
				CLANG_WARN_NON_LITERAL_NULL_CONVERSION = YES;
				CLANG_WARN_OBJC_IMPLICIT_RETAIN_SELF = YES;
				CLANG_WARN_OBJC_LITERAL_CONVERSION = YES;
				CLANG_WARN_OBJC_ROOT_CLASS = YES_ERROR;
				CLANG_WARN_QUOTED_INCLUDE_IN_FRAMEWORK_HEADER = YES;
				CLANG_WARN_RANGE_LOOP_ANALYSIS = YES;
				CLANG_WARN_STRICT_PROTOTYPES = YES;
				CLANG_WARN_SUSPICIOUS_MOVE = YES;
				CLANG_WARN_UNGUARDED_AVAILABILITY = YES_AGGRESSIVE;
				CLANG_WARN_UNREACHABLE_CODE = YES;
				CLANG_WARN__DUPLICATE_METHOD_MATCH = YES;
				COPY_PHASE_STRIP = NO;
				DEBUG_INFORMATION_FORMAT = dwarf;
				ENABLE_STRICT_OBJC_MSGSEND = YES;
				ENABLE_TESTABILITY = YES;
				GCC_C_LANGUAGE_STANDARD = gnu11;
				GCC_DYNAMIC_NO_PIC = NO;
				GCC_NO_COMMON_BLOCKS = YES;
				GCC_OPTIMIZATION_LEVEL = 0;
				GCC_PREPROCESSOR_DEFINITIONS = (
					"DEBUG=1",
					"$(inherited)",
				);
				GCC_WARN_64_TO_32_BIT_CONVERSION = YES;
				GCC_WARN_ABOUT_RETURN_TYPE = YES_ERROR;
				GCC_WARN_UNDECLARED_SELECTOR = YES;
				GCC_WARN_UNINITIALIZED_AUTOS = YES_AGGRESSIVE;
				GCC_WARN_UNUSED_FUNCTION = YES;
				GCC_WARN_UNUSED_VARIABLE = YES;
				IPHONEOS_DEPLOYMENT_TARGET = 16.2;
				MTL_ENABLE_DEBUG_INFO = INCLUDE_SOURCE;
				MTL_FAST_MATH = YES;
				ONLY_ACTIVE_ARCH = YES;
				SDKROOT = iphoneos;
				SWIFT_ACTIVE_COMPILATION_CONDITIONS = DEBUG;
				SWIFT_OPTIMIZATION_LEVEL = "-Onone";
			};
			name = Debug;
		};
		8E296E6429E6EC2A00F3A3CE /* Release */ = {
			isa = XCBuildConfiguration;
			buildSettings = {
				ALWAYS_SEARCH_USER_PATHS = NO;
				CLANG_ANALYZER_NONNULL = YES;
				CLANG_ANALYZER_NUMBER_OBJECT_CONVERSION = YES_AGGRESSIVE;
				CLANG_CXX_LANGUAGE_STANDARD = "gnu++20";
				CLANG_ENABLE_MODULES = YES;
				CLANG_ENABLE_OBJC_ARC = YES;
				CLANG_ENABLE_OBJC_WEAK = YES;
				CLANG_WARN_BLOCK_CAPTURE_AUTORELEASING = YES;
				CLANG_WARN_BOOL_CONVERSION = YES;
				CLANG_WARN_COMMA = YES;
				CLANG_WARN_CONSTANT_CONVERSION = YES;
				CLANG_WARN_DEPRECATED_OBJC_IMPLEMENTATIONS = YES;
				CLANG_WARN_DIRECT_OBJC_ISA_USAGE = YES_ERROR;
				CLANG_WARN_DOCUMENTATION_COMMENTS = YES;
				CLANG_WARN_EMPTY_BODY = YES;
				CLANG_WARN_ENUM_CONVERSION = YES;
				CLANG_WARN_INFINITE_RECURSION = YES;
				CLANG_WARN_INT_CONVERSION = YES;
				CLANG_WARN_NON_LITERAL_NULL_CONVERSION = YES;
				CLANG_WARN_OBJC_IMPLICIT_RETAIN_SELF = YES;
				CLANG_WARN_OBJC_LITERAL_CONVERSION = YES;
				CLANG_WARN_OBJC_ROOT_CLASS = YES_ERROR;
				CLANG_WARN_QUOTED_INCLUDE_IN_FRAMEWORK_HEADER = YES;
				CLANG_WARN_RANGE_LOOP_ANALYSIS = YES;
				CLANG_WARN_STRICT_PROTOTYPES = YES;
				CLANG_WARN_SUSPICIOUS_MOVE = YES;
				CLANG_WARN_UNGUARDED_AVAILABILITY = YES_AGGRESSIVE;
				CLANG_WARN_UNREACHABLE_CODE = YES;
				CLANG_WARN__DUPLICATE_METHOD_MATCH = YES;
				COPY_PHASE_STRIP = NO;
				DEBUG_INFORMATION_FORMAT = "dwarf-with-dsym";
				ENABLE_NS_ASSERTIONS = NO;
				ENABLE_STRICT_OBJC_MSGSEND = YES;
				GCC_C_LANGUAGE_STANDARD = gnu11;
				GCC_NO_COMMON_BLOCKS = YES;
				GCC_WARN_64_TO_32_BIT_CONVERSION = YES;
				GCC_WARN_ABOUT_RETURN_TYPE = YES_ERROR;
				GCC_WARN_UNDECLARED_SELECTOR = YES;
				GCC_WARN_UNINITIALIZED_AUTOS = YES_AGGRESSIVE;
				GCC_WARN_UNUSED_FUNCTION = YES;
				GCC_WARN_UNUSED_VARIABLE = YES;
				IPHONEOS_DEPLOYMENT_TARGET = 16.2;
				MTL_ENABLE_DEBUG_INFO = NO;
				MTL_FAST_MATH = YES;
				SDKROOT = iphoneos;
				SWIFT_COMPILATION_MODE = wholemodule;
				SWIFT_OPTIMIZATION_LEVEL = "-O";
				VALIDATE_PRODUCT = YES;
			};
			name = Release;
		};
		8E296E6629E6EC2A00F3A3CE /* Debug */ = {
			isa = XCBuildConfiguration;
			buildSettings = {
				ASSETCATALOG_COMPILER_APPICON_NAME = AppIcon;
				ASSETCATALOG_COMPILER_GLOBAL_ACCENT_COLOR_NAME = AccentColor;
				CODE_SIGN_STYLE = Automatic;
				CURRENT_PROJECT_VERSION = 1;
				GENERATE_INFOPLIST_FILE = YES;
				INFOPLIST_FILE = MovieViper/Sups/Info.plist;
				INFOPLIST_KEY_UIApplicationSupportsIndirectInputEvents = YES;
				INFOPLIST_KEY_UILaunchStoryboardName = LaunchScreen;
				INFOPLIST_KEY_UIMainStoryboardFile = Main;
				INFOPLIST_KEY_UISupportedInterfaceOrientations_iPad = "UIInterfaceOrientationPortrait UIInterfaceOrientationPortraitUpsideDown UIInterfaceOrientationLandscapeLeft UIInterfaceOrientationLandscapeRight";
				INFOPLIST_KEY_UISupportedInterfaceOrientations_iPhone = "UIInterfaceOrientationPortrait UIInterfaceOrientationLandscapeLeft UIInterfaceOrientationLandscapeRight";
				LD_RUNPATH_SEARCH_PATHS = (
					"$(inherited)",
					"@executable_path/Frameworks",
				);
				MARKETING_VERSION = 1.0;
				PRODUCT_BUNDLE_IDENTIFIER = R.MovieViper;
				PRODUCT_NAME = "$(TARGET_NAME)";
				SWIFT_EMIT_LOC_STRINGS = YES;
				SWIFT_VERSION = 5.0;
				TARGETED_DEVICE_FAMILY = "1,2";
			};
			name = Debug;
		};
		8E296E6729E6EC2A00F3A3CE /* Release */ = {
			isa = XCBuildConfiguration;
			buildSettings = {
				ASSETCATALOG_COMPILER_APPICON_NAME = AppIcon;
				ASSETCATALOG_COMPILER_GLOBAL_ACCENT_COLOR_NAME = AccentColor;
				CODE_SIGN_STYLE = Automatic;
				CURRENT_PROJECT_VERSION = 1;
				GENERATE_INFOPLIST_FILE = YES;
				INFOPLIST_FILE = MovieViper/Sups/Info.plist;
				INFOPLIST_KEY_UIApplicationSupportsIndirectInputEvents = YES;
				INFOPLIST_KEY_UILaunchStoryboardName = LaunchScreen;
				INFOPLIST_KEY_UIMainStoryboardFile = Main;
				INFOPLIST_KEY_UISupportedInterfaceOrientations_iPad = "UIInterfaceOrientationPortrait UIInterfaceOrientationPortraitUpsideDown UIInterfaceOrientationLandscapeLeft UIInterfaceOrientationLandscapeRight";
				INFOPLIST_KEY_UISupportedInterfaceOrientations_iPhone = "UIInterfaceOrientationPortrait UIInterfaceOrientationLandscapeLeft UIInterfaceOrientationLandscapeRight";
				LD_RUNPATH_SEARCH_PATHS = (
					"$(inherited)",
					"@executable_path/Frameworks",
				);
				MARKETING_VERSION = 1.0;
				PRODUCT_BUNDLE_IDENTIFIER = R.MovieViper;
				PRODUCT_NAME = "$(TARGET_NAME)";
				SWIFT_EMIT_LOC_STRINGS = YES;
				SWIFT_VERSION = 5.0;
				TARGETED_DEVICE_FAMILY = "1,2";
			};
			name = Release;
		};
/* End XCBuildConfiguration section */

/* Begin XCConfigurationList section */
		8E296E4C29E6EC2900F3A3CE /* Build configuration list for PBXProject "MovieViper" */ = {
			isa = XCConfigurationList;
			buildConfigurations = (
				8E296E6329E6EC2A00F3A3CE /* Debug */,
				8E296E6429E6EC2A00F3A3CE /* Release */,
			);
			defaultConfigurationIsVisible = 0;
			defaultConfigurationName = Release;
		};
		8E296E6529E6EC2A00F3A3CE /* Build configuration list for PBXNativeTarget "MovieViper" */ = {
			isa = XCConfigurationList;
			buildConfigurations = (
				8E296E6629E6EC2A00F3A3CE /* Debug */,
				8E296E6729E6EC2A00F3A3CE /* Release */,
			);
			defaultConfigurationIsVisible = 0;
			defaultConfigurationName = Release;
		};
/* End XCConfigurationList section */
	};
	rootObject = 8E296E4929E6EC2900F3A3CE /* Project object */;
}
